
Microsoft Visual Studio Solution File, Format Version 12.00
# Visual Studio Version 17
VisualStudioVersion = 17.10.35013.160
MinimumVisualStudioVersion = 10.0.40219.1
Project("{2150E333-8FDC-42A3-9474-1A3956D46DE8}") = "src", "src", "{2E6EC12E-A679-4FB8-A94C-8C019ADBF249}"
EndProject
Project("{9A19103F-16F7-4668-BE54-9A1E7A4F7556}") = "TaskManagement.Api", "src\TaskManagement.Api\TaskManagement.Api.csproj", "{D1B6236F-614F-4602-A474-D881A73881E1}"
EndProject
Project("{9A19103F-16F7-4668-BE54-9A1E7A4F7556}") = "TaskManagement.Tests", "src\TaskManagement.Tests\TaskManagement.Tests.csproj", "{59F010A3-0886-4367-9C9A-3E261C2BE484}"
EndProject
Global
	GlobalSection(SolutionConfigurationPlatforms) = preSolution
		Debug|Any CPU = Debug|Any CPU
		Release|Any CPU = Release|Any CPU
	EndGlobalSection
	GlobalSection(ProjectConfigurationPlatforms) = postSolution
		{D1B6236F-614F-4602-A474-D881A73881E1}.Debug|Any CPU.ActiveCfg = Debug|Any CPU
		{D1B6236F-614F-4602-A474-D881A73881E1}.Debug|Any CPU.Build.0 = Debug|Any CPU
		{D1B6236F-614F-4602-A474-D881A73881E1}.Release|Any CPU.ActiveCfg = Release|Any CPU
		{D1B6236F-614F-4602-A474-D881A73881E1}.Release|Any CPU.Build.0 = Release|Any CPU
		{59F010A3-0886-4367-9C9A-3E261C2BE484}.Debug|Any CPU.ActiveCfg = Debug|Any CPU
		{59F010A3-0886-4367-9C9A-3E261C2BE484}.Debug|Any CPU.Build.0 = Debug|Any CPU
		{59F010A3-0886-4367-9C9A-3E261C2BE484}.Release|Any CPU.ActiveCfg = Release|Any CPU
		{59F010A3-0886-4367-9C9A-3E261C2BE484}.Release|Any CPU.Build.0 = Release|Any CPU
	EndGlobalSection
	GlobalSection(SolutionProperties) = preSolution
		HideSolutionNode = FALSE
	EndGlobalSection
	GlobalSection(NestedProjects) = preSolution
		{D1B6236F-614F-4602-A474-D881A73881E1} = {2E6EC12E-A679-4FB8-A94C-8C019ADBF249}
		{59F010A3-0886-4367-9C9A-3E261C2BE484} = {2E6EC12E-A679-4FB8-A94C-8C019ADBF249}
	EndGlobalSection
	GlobalSection(ExtensibilityGlobals) = postSolution
		SolutionGuid = {08F7FC99-A758-4D22-ABF2-7698BB74ECF6}
	EndGlobalSection
EndGlobal
